// !$*UTF8*$!
{
	archiveVersion = 1;
	classes = {
	};
	objectVersion = 56;
	objects = {

/* Begin PBXBuildFile section */
		16E2E881293C4E2C00B9A25C /* AppDelegate.swift in Sources */ = {isa = PBXBuildFile; fileRef = 16E2E880293C4E2C00B9A25C /* AppDelegate.swift */; };
		16E2E883293C4E2C00B9A25C /* SceneDelegate.swift in Sources */ = {isa = PBXBuildFile; fileRef = 16E2E882293C4E2C00B9A25C /* SceneDelegate.swift */; };
		16E2E885293C4E2C00B9A25C /* ViewController.swift in Sources */ = {isa = PBXBuildFile; fileRef = 16E2E884293C4E2C00B9A25C /* ViewController.swift */; };
		16E2E888293C4E2C00B9A25C /* Main.storyboard in Resources */ = {isa = PBXBuildFile; fileRef = 16E2E886293C4E2C00B9A25C /* Main.storyboard */; };
		16E2E88A293C4E2D00B9A25C /* Assets.xcassets in Resources */ = {isa = PBXBuildFile; fileRef = 16E2E889293C4E2D00B9A25C /* Assets.xcassets */; };
		16E2E88D293C4E2D00B9A25C /* LaunchScreen.storyboard in Resources */ = {isa = PBXBuildFile; fileRef = 16E2E88B293C4E2D00B9A25C /* LaunchScreen.storyboard */; };
		16E2E895293C767B00B9A25C /* MovieCell.swift in Sources */ = {isa = PBXBuildFile; fileRef = 16E2E894293C767B00B9A25C /* MovieCell.swift */; };
		16E2E89A293C783200B9A25C /* Movie.swift in Sources */ = {isa = PBXBuildFile; fileRef = 16E2E899293C783200B9A25C /* Movie.swift */; };
		16E2E89C293CDCE900B9A25C /* DataManager.swift in Sources */ = {isa = PBXBuildFile; fileRef = 16E2E89B293CDCE900B9A25C /* DataManager.swift */; };
		16E2E89E293CE41B00B9A25C /* DetailViewController.swift in Sources */ = {isa = PBXBuildFile; fileRef = 16E2E89D293CE41B00B9A25C /* DetailViewController.swift */; };
/* End PBXBuildFile section */

/* Begin PBXFileReference section */
		16E2E87D293C4E2C00B9A25C /* TableView.app */ = {isa = PBXFileReference; explicitFileType = wrapper.application; includeInIndex = 0; path = TableView.app; sourceTree = BUILT_PRODUCTS_DIR; };
		16E2E880293C4E2C00B9A25C /* AppDelegate.swift */ = {isa = PBXFileReference; lastKnownFileType = sourcecode.swift; path = AppDelegate.swift; sourceTree = "<group>"; };
		16E2E882293C4E2C00B9A25C /* SceneDelegate.swift */ = {isa = PBXFileReference; lastKnownFileType = sourcecode.swift; path = SceneDelegate.swift; sourceTree = "<group>"; };
		16E2E884293C4E2C00B9A25C /* ViewController.swift */ = {isa = PBXFileReference; lastKnownFileType = sourcecode.swift; path = ViewController.swift; sourceTree = "<group>"; };
		16E2E887293C4E2C00B9A25C /* Base */ = {isa = PBXFileReference; lastKnownFileType = file.storyboard; name = Base; path = Base.lproj/Main.storyboard; sourceTree = "<group>"; };
		16E2E889293C4E2D00B9A25C /* Assets.xcassets */ = {isa = PBXFileReference; lastKnownFileType = folder.assetcatalog; path = Assets.xcassets; sourceTree = "<group>"; };
		16E2E88C293C4E2D00B9A25C /* Base */ = {isa = PBXFileReference; lastKnownFileType = file.storyboard; name = Base; path = Base.lproj/LaunchScreen.storyboard; sourceTree = "<group>"; };
		16E2E88E293C4E2D00B9A25C /* Info.plist */ = {isa = PBXFileReference; lastKnownFileType = text.plist.xml; path = Info.plist; sourceTree = "<group>"; };
		16E2E894293C767B00B9A25C /* MovieCell.swift */ = {isa = PBXFileReference; lastKnownFileType = sourcecode.swift; path = MovieCell.swift; sourceTree = "<group>"; };
		16E2E899293C783200B9A25C /* Movie.swift */ = {isa = PBXFileReference; lastKnownFileType = sourcecode.swift; path = Movie.swift; sourceTree = "<group>"; };
		16E2E89B293CDCE900B9A25C /* DataManager.swift */ = {isa = PBXFileReference; lastKnownFileType = sourcecode.swift; path = DataManager.swift; sourceTree = "<group>"; };
		16E2E89D293CE41B00B9A25C /* DetailViewController.swift */ = {isa = PBXFileReference; lastKnownFileType = sourcecode.swift; path = DetailViewController.swift; sourceTree = "<group>"; };
/* End PBXFileReference section */

/* Begin PBXFrameworksBuildPhase section */
		16E2E87A293C4E2C00B9A25C /* Frameworks */ = {
			isa = PBXFrameworksBuildPhase;
			buildActionMask = 2147483647;
			files = (
			);
			runOnlyForDeploymentPostprocessing = 0;
		};
/* End PBXFrameworksBuildPhase section */

/* Begin PBXGroup section */
		16E2E874293C4E2C00B9A25C = {
			isa = PBXGroup;
			children = (
				16E2E87F293C4E2C00B9A25C /* TableView */,
				16E2E87E293C4E2C00B9A25C /* Products */,
			);
			sourceTree = "<group>";
		};
		16E2E87E293C4E2C00B9A25C /* Products */ = {
			isa = PBXGroup;
			children = (
				16E2E87D293C4E2C00B9A25C /* TableView.app */,
			);
			name = Products;
			sourceTree = "<group>";
		};
		16E2E87F293C4E2C00B9A25C /* TableView */ = {
			isa = PBXGroup;
			children = (
				16E2E880293C4E2C00B9A25C /* AppDelegate.swift */,
				16E2E882293C4E2C00B9A25C /* SceneDelegate.swift */,
				16E2E896293C77CD00B9A25C /* Models */,
				16E2E897293C77D800B9A25C /* Views */,
				16E2E898293C77DD00B9A25C /* Controllers */,
				16E2E889293C4E2D00B9A25C /* Assets.xcassets */,
				16E2E88B293C4E2D00B9A25C /* LaunchScreen.storyboard */,
				16E2E88E293C4E2D00B9A25C /* Info.plist */,
			);
			path = TableView;
			sourceTree = "<group>";
		};
		16E2E896293C77CD00B9A25C /* Models */ = {
			isa = PBXGroup;
			children = (
				16E2E899293C783200B9A25C /* Movie.swift */,
				16E2E89B293CDCE900B9A25C /* DataManager.swift */,
			);
			path = Models;
			sourceTree = "<group>";
		};
		16E2E897293C77D800B9A25C /* Views */ = {
			isa = PBXGroup;
			children = (
				16E2E894293C767B00B9A25C /* MovieCell.swift */,
				16E2E886293C4E2C00B9A25C /* Main.storyboard */,
			);
			path = Views;
			sourceTree = "<group>";
		};
		16E2E898293C77DD00B9A25C /* Controllers */ = {
			isa = PBXGroup;
			children = (
				16E2E884293C4E2C00B9A25C /* ViewController.swift */,
				16E2E89D293CE41B00B9A25C /* DetailViewController.swift */,
			);
			path = Controllers;
			sourceTree = "<group>";
		};
/* End PBXGroup section */

/* Begin PBXNativeTarget section */
		16E2E87C293C4E2C00B9A25C /* TableView */ = {
			isa = PBXNativeTarget;
			buildConfigurationList = 16E2E891293C4E2D00B9A25C /* Build configuration list for PBXNativeTarget "TableView" */;
			buildPhases = (
				16E2E879293C4E2C00B9A25C /* Sources */,
				16E2E87A293C4E2C00B9A25C /* Frameworks */,
				16E2E87B293C4E2C00B9A25C /* Resources */,
			);
			buildRules = (
			);
			dependencies = (
			);
			name = TableView;
			productName = TableView;
			productReference = 16E2E87D293C4E2C00B9A25C /* TableView.app */;
			productType = "com.apple.product-type.application";
		};
/* End PBXNativeTarget section */

/* Begin PBXProject section */
		16E2E875293C4E2C00B9A25C /* Project object */ = {
			isa = PBXProject;
			attributes = {
				BuildIndependentTargetsInParallel = 1;
				LastSwiftUpdateCheck = 1410;
				LastUpgradeCheck = 1410;
				TargetAttributes = {
					16E2E87C293C4E2C00B9A25C = {
						CreatedOnToolsVersion = 14.1;
					};
				};
			};
			buildConfigurationList = 16E2E878293C4E2C00B9A25C /* Build configuration list for PBXProject "TableView" */;
			compatibilityVersion = "Xcode 14.0";
			developmentRegion = en;
			hasScannedForEncodings = 0;
			knownRegions = (
				en,
				Base,
			);
			mainGroup = 16E2E874293C4E2C00B9A25C;
			productRefGroup = 16E2E87E293C4E2C00B9A25C /* Products */;
			projectDirPath = "";
			projectRoot = "";
			targets = (
				16E2E87C293C4E2C00B9A25C /* TableView */,
			);
		};
/* End PBXProject section */

/* Begin PBXResourcesBuildPhase section */
		16E2E87B293C4E2C00B9A25C /* Resources */ = {
			isa = PBXResourcesBuildPhase;
			buildActionMask = 2147483647;
			files = (
				16E2E88D293C4E2D00B9A25C /* LaunchScreen.storyboard in Resources */,
				16E2E88A293C4E2D00B9A25C /* Assets.xcassets in Resources */,
				16E2E888293C4E2C00B9A25C /* Main.storyboard in Resources */,
			);
			runOnlyForDeploymentPostprocessing = 0;
		};
/* End PBXResourcesBuildPhase section */

/* Begin PBXSourcesBuildPhase section */
		16E2E879293C4E2C00B9A25C /* Sources */ = {
			isa = PBXSourcesBuildPhase;
			buildActionMask = 2147483647;
			files = (
				16E2E885293C4E2C00B9A25C /* ViewController.swift in Sources */,
				16E2E89C293CDCE900B9A25C /* DataManager.swift in Sources */,
				16E2E881293C4E2C00B9A25C /* AppDelegate.swift in Sources */,
				16E2E895293C767B00B9A25C /* MovieCell.swift in Sources */,
				16E2E883293C4E2C00B9A25C /* SceneDelegate.swift in Sources */,
				16E2E89A293C783200B9A25C /* Movie.swift in Sources */,
				16E2E89E293CE41B00B9A25C /* DetailViewController.swift in Sources */,
			);
			runOnlyForDeploymentPostprocessing = 0;
		};
/* End PBXSourcesBuildPhase section */

/* Begin PBXVariantGroup section */
		16E2E886293C4E2C00B9A25C /* Main.storyboard */ = {
			isa = PBXVariantGroup;
			children = (
				16E2E887293C4E2C00B9A25C /* Base */,
			);
			name = Main.storyboard;
			sourceTree = "<group>";
		};
		16E2E88B293C4E2D00B9A25C /* LaunchScreen.storyboard */ = {
			isa = PBXVariantGroup;
			children = (
				16E2E88C293C4E2D00B9A25C /* Base */,
			);
			name = LaunchScreen.storyboard;
			sourceTree = "<group>";
		};
/* End PBXVariantGroup section */

/* Begin XCBuildConfiguration section */
		16E2E88F293C4E2D00B9A25C /* Debug */ = {
			isa = XCBuildConfiguration;
			buildSettings = {
				ALWAYS_SEARCH_USER_PATHS = NO;
				CLANG_ANALYZER_NONNULL = YES;
				CLANG_ANALYZER_NUMBER_OBJECT_CONVERSION = YES_AGGRESSIVE;
				CLANG_CXX_LANGUAGE_STANDARD = "gnu++20";
				CLANG_ENABLE_MODULES = YES;
				CLANG_ENABLE_OBJC_ARC = YES;
				CLANG_ENABLE_OBJC_WEAK = YES;
				CLANG_WARN_BLOCK_CAPTURE_AUTORELEASING = YES;
				CLANG_WARN_BOOL_CONVERSION = YES;
				CLANG_WARN_COMMA = YES;
				CLANG_WARN_CONSTANT_CONVERSION = YES;
				CLANG_WARN_DEPRECATED_OBJC_IMPLEMENTATIONS = YES;
				CLANG_WARN_DIRECT_OBJC_ISA_USAGE = YES_ERROR;
				CLANG_WARN_DOCUMENTATION_COMMENTS = YES;
				CLANG_WARN_EMPTY_BODY = YES;
				CLANG_WARN_ENUM_CONVERSION = YES;
				CLANG_WARN_INFINITE_RECURSION = YES;
				CLANG_WARN_INT_CONVERSION = YES;
				CLANG_WARN_NON_LITERAL_NULL_CONVERSION = YES;
				CLANG_WARN_OBJC_IMPLICIT_RETAIN_SELF = YES;
				CLANG_WARN_OBJC_LITERAL_CONVERSION = YES;
				CLANG_WARN_OBJC_ROOT_CLASS = YES_ERROR;
				CLANG_WARN_QUOTED_INCLUDE_IN_FRAMEWORK_HEADER = YES;
				CLANG_WARN_RANGE_LOOP_ANALYSIS = YES;
				CLANG_WARN_STRICT_PROTOTYPES = YES;
				CLANG_WARN_SUSPICIOUS_MOVE = YES;
				CLANG_WARN_UNGUARDED_AVAILABILITY = YES_AGGRESSIVE;
				CLANG_WARN_UNREACHABLE_CODE = YES;
				CLANG_WARN__DUPLICATE_METHOD_MATCH = YES;
				COPY_PHASE_STRIP = NO;
				DEBUG_INFORMATION_FORMAT = dwarf;
				ENABLE_STRICT_OBJC_MSGSEND = YES;
				ENABLE_TESTABILITY = YES;
				GCC_C_LANGUAGE_STANDARD = gnu11;
				GCC_DYNAMIC_NO_PIC = NO;
				GCC_NO_COMMON_BLOCKS = YES;
				GCC_OPTIMIZATION_LEVEL = 0;
				GCC_PREPROCESSOR_DEFINITIONS = (
					"DEBUG=1",
					"$(inherited)",
				);
				GCC_WARN_64_TO_32_BIT_CONVERSION = YES;
				GCC_WARN_ABOUT_RETURN_TYPE = YES_ERROR;
				GCC_WARN_UNDECLARED_SELECTOR = YES;
				GCC_WARN_UNINITIALIZED_AUTOS = YES_AGGRESSIVE;
				GCC_WARN_UNUSED_FUNCTION = YES;
				GCC_WARN_UNUSED_VARIABLE = YES;
				IPHONEOS_DEPLOYMENT_TARGET = 16.1;
				MTL_ENABLE_DEBUG_INFO = INCLUDE_SOURCE;
				MTL_FAST_MATH = YES;
				ONLY_ACTIVE_ARCH = YES;
				SDKROOT = iphoneos;
				SWIFT_ACTIVE_COMPILATION_CONDITIONS = DEBUG;
				SWIFT_OPTIMIZATION_LEVEL = "-Onone";
			};
			name = Debug;
		};
		16E2E890293C4E2D00B9A25C /* Release */ = {
			isa = XCBuildConfiguration;
			buildSettings = {
				ALWAYS_SEARCH_USER_PATHS = NO;
				CLANG_ANALYZER_NONNULL = YES;
				CLANG_ANALYZER_NUMBER_OBJECT_CONVERSION = YES_AGGRESSIVE;
				CLANG_CXX_LANGUAGE_STANDARD = "gnu++20";
				CLANG_ENABLE_MODULES = YES;
				CLANG_ENABLE_OBJC_ARC = YES;
				CLANG_ENABLE_OBJC_WEAK = YES;
				CLANG_WARN_BLOCK_CAPTURE_AUTORELEASING = YES;
				CLANG_WARN_BOOL_CONVERSION = YES;
				CLANG_WARN_COMMA = YES;
				CLANG_WARN_CONSTANT_CONVERSION = YES;
				CLANG_WARN_DEPRECATED_OBJC_IMPLEMENTATIONS = YES;
				CLANG_WARN_DIRECT_OBJC_ISA_USAGE = YES_ERROR;
				CLANG_WARN_DOCUMENTATION_COMMENTS = YES;
				CLANG_WARN_EMPTY_BODY = YES;
				CLANG_WARN_ENUM_CONVERSION = YES;
				CLANG_WARN_INFINITE_RECURSION = YES;
				CLANG_WARN_INT_CONVERSION = YES;
				CLANG_WARN_NON_LITERAL_NULL_CONVERSION = YES;
				CLANG_WARN_OBJC_IMPLICIT_RETAIN_SELF = YES;
				CLANG_WARN_OBJC_LITERAL_CONVERSION = YES;
				CLANG_WARN_OBJC_ROOT_CLASS = YES_ERROR;
				CLANG_WARN_QUOTED_INCLUDE_IN_FRAMEWORK_HEADER = YES;
				CLANG_WARN_RANGE_LOOP_ANALYSIS = YES;
				CLANG_WARN_STRICT_PROTOTYPES = YES;
				CLANG_WARN_SUSPICIOUS_MOVE = YES;
				CLANG_WARN_UNGUARDED_AVAILABILITY = YES_AGGRESSIVE;
				CLANG_WARN_UNREACHABLE_CODE = YES;
				CLANG_WARN__DUPLICATE_METHOD_MATCH = YES;
				COPY_PHASE_STRIP = NO;
				DEBUG_INFORMATION_FORMAT = "dwarf-with-dsym";
				ENABLE_NS_ASSERTIONS = NO;
				ENABLE_STRICT_OBJC_MSGSEND = YES;
				GCC_C_LANGUAGE_STANDARD = gnu11;
				GCC_NO_COMMON_BLOCKS = YES;
				GCC_WARN_64_TO_32_BIT_CONVERSION = YES;
				GCC_WARN_ABOUT_RETURN_TYPE = YES_ERROR;
				GCC_WARN_UNDECLARED_SELECTOR = YES;
				GCC_WARN_UNINITIALIZED_AUTOS = YES_AGGRESSIVE;
				GCC_WARN_UNUSED_FUNCTION = YES;
				GCC_WARN_UNUSED_VARIABLE = YES;
				IPHONEOS_DEPLOYMENT_TARGET = 16.1;
				MTL_ENABLE_DEBUG_INFO = NO;
				MTL_FAST_MATH = YES;
				SDKROOT = iphoneos;
				SWIFT_COMPILATION_MODE = wholemodule;
				SWIFT_OPTIMIZATION_LEVEL = "-O";
				VALIDATE_PRODUCT = YES;
			};
			name = Release;
		};
		16E2E892293C4E2D00B9A25C /* Debug */ = {
			isa = XCBuildConfiguration;
			buildSettings = {
				ASSETCATALOG_COMPILER_APPICON_NAME = AppIcon;
				ASSETCATALOG_COMPILER_GLOBAL_ACCENT_COLOR_NAME = AccentColor;
				CODE_SIGN_STYLE = Automatic;
				CURRENT_PROJECT_VERSION = 1;
				GENERATE_INFOPLIST_FILE = YES;
				INFOPLIST_FILE = TableView/Info.plist;
				INFOPLIST_KEY_UIApplicationSupportsIndirectInputEvents = YES;
				INFOPLIST_KEY_UILaunchStoryboardName = LaunchScreen;
				INFOPLIST_KEY_UIMainStoryboardFile = Main;
				INFOPLIST_KEY_UISupportedInterfaceOrientations_iPad = "UIInterfaceOrientationPortrait UIInterfaceOrientationPortraitUpsideDown UIInterfaceOrientationLandscapeLeft UIInterfaceOrientationLandscapeRight";
				INFOPLIST_KEY_UISupportedInterfaceOrientations_iPhone = "UIInterfaceOrientationPortrait UIInterfaceOrientationLandscapeLeft UIInterfaceOrientationLandscapeRight";
				IPHONEOS_DEPLOYMENT_TARGET = 13.0;
				LD_RUNPATH_SEARCH_PATHS = (
					"$(inherited)",
					"@executable_path/Frameworks",
				);
				MARKETING_VERSION = 1.0;
				PRODUCT_BUNDLE_IDENTIFIER = com.kaki.www.TableView;
				PRODUCT_NAME = "$(TARGET_NAME)";
				SUPPORTED_PLATFORMS = "iphoneos iphonesimulator";
				SUPPORTS_MACCATALYST = NO;
				SUPPORTS_MAC_DESIGNED_FOR_IPHONE_IPAD = NO;
				SWIFT_EMIT_LOC_STRINGS = YES;
				SWIFT_VERSION = 5.0;
				TARGETED_DEVICE_FAMILY = 1;
			};
			name = Debug;
		};
		16E2E893293C4E2D00B9A25C /* Release */ = {
			isa = XCBuildConfiguration;
			buildSettings = {
				ASSETCATALOG_COMPILER_APPICON_NAME = AppIcon;
				ASSETCATALOG_COMPILER_GLOBAL_ACCENT_COLOR_NAME = AccentColor;
				CODE_SIGN_STYLE = Automatic;
				CURRENT_PROJECT_VERSION = 1;
				GENERATE_INFOPLIST_FILE = YES;
				INFOPLIST_FILE = TableView/Info.plist;
				INFOPLIST_KEY_UIApplicationSupportsIndirectInputEvents = YES;
				INFOPLIST_KEY_UILaunchStoryboardName = LaunchScreen;
				INFOPLIST_KEY_UIMainStoryboardFile = Main;
				INFOPLIST_KEY_UISupportedInterfaceOrientations_iPad = "UIInterfaceOrientationPortrait UIInterfaceOrientationPortraitUpsideDown UIInterfaceOrientationLandscapeLeft UIInterfaceOrientationLandscapeRight";
				INFOPLIST_KEY_UISupportedInterfaceOrientations_iPhone = "UIInterfaceOrientationPortrait UIInterfaceOrientationLandscapeLeft UIInterfaceOrientationLandscapeRight";
				IPHONEOS_DEPLOYMENT_TARGET = 13.0;
				LD_RUNPATH_SEARCH_PATHS = (
					"$(inherited)",
					"@executable_path/Frameworks",
				);
				MARKETING_VERSION = 1.0;
				PRODUCT_BUNDLE_IDENTIFIER = com.kaki.www.TableView;
				PRODUCT_NAME = "$(TARGET_NAME)";
				SUPPORTED_PLATFORMS = "iphoneos iphonesimulator";
				SUPPORTS_MACCATALYST = NO;
				SUPPORTS_MAC_DESIGNED_FOR_IPHONE_IPAD = NO;
				SWIFT_EMIT_LOC_STRINGS = YES;
				SWIFT_VERSION = 5.0;
				TARGETED_DEVICE_FAMILY = 1;
			};
			name = Release;
		};
/* End XCBuildConfiguration section */

/* Begin XCConfigurationList section */
		16E2E878293C4E2C00B9A25C /* Build configuration list for PBXProject "TableView" */ = {
			isa = XCConfigurationList;
			buildConfigurations = (
				16E2E88F293C4E2D00B9A25C /* Debug */,
				16E2E890293C4E2D00B9A25C /* Release */,
			);
			defaultConfigurationIsVisible = 0;
			defaultConfigurationName = Release;
		};
		16E2E891293C4E2D00B9A25C /* Build configuration list for PBXNativeTarget "TableView" */ = {
			isa = XCConfigurationList;
			buildConfigurations = (
				16E2E892293C4E2D00B9A25C /* Debug */,
				16E2E893293C4E2D00B9A25C /* Release */,
			);
			defaultConfigurationIsVisible = 0;
			defaultConfigurationName = Release;
		};
/* End XCConfigurationList section */
	};
	rootObject = 16E2E875293C4E2C00B9A25C /* Project object */;
}
